
Microsoft Visual Studio Solution File, Format Version 12.00
# Visual Studio Version 16
VisualStudioVersion = 16.0.35026.282
MinimumVisualStudioVersion = 10.0.40219.1
Project("{F184B08F-C81C-45F6-A57F-5ABD9991F28F}") = "Data Collective System V1.0", "Data Collective System V1.0.vbproj", "{1275EF27-5145-4E1F-A742-3B10DEF7D28C}"
EndProject
Global
	GlobalSection(SolutionConfigurationPlatforms) = preSolution
		Debug|Any CPU = Debug|Any CPU
		Release|Any CPU = Release|Any CPU
	EndGlobalSection
	GlobalSection(ProjectConfigurationPlatforms) = postSolution
		{1275EF27-5145-4E1F-A742-3B10DEF7D28C}.Debug|Any CPU.ActiveCfg = Debug|Any CPU
		{1275EF27-5145-4E1F-A742-3B10DEF7D28C}.Debug|Any CPU.Build.0 = Debug|Any CPU
		{1275EF27-5145-4E1F-A742-3B10DEF7D28C}.Release|Any CPU.ActiveCfg = Release|Any CPU
		{1275EF27-5145-4E1F-A742-3B10DEF7D28C}.Release|Any CPU.Build.0 = Release|Any CPU
	EndGlobalSection
	GlobalSection(SolutionProperties) = preSolution
		HideSolutionNode = FALSE
	EndGlobalSection
	GlobalSection(ExtensibilityGlobals) = postSolution
		SolutionGuid = {701E5E94-D1E1-466E-9C80-CFBAB0208584}
	EndGlobalSection
EndGlobal
